# THIS IS AN AUTOGENERATED FILE. DO NOT EDIT THIS FILE DIRECTLY.
# yarn lockfile v1


goober@^1.2.1:
  version "1.2.1"
  resolved "https://registry.yarnpkg.com/goober/-/goober-1.2.1.tgz#945b701e43c31c80aa186f643fa71c71bc9cda4f"
  integrity sha512-weA/el3eSRBoS6L0r9A1PqbAh3wNh1Brv62fdLxb8TJRwNvi9pfOL9dz4wz8CQOjtiFjp1rTpJLxAv1xJehMmA==

haunted@^4.2.0:
  version "4.2.0"
  resolved "https://registry.yarnpkg.com/haunted/-/haunted-4.2.0.tgz#1deb4f69e5977554603eb0e631b5e6797d07b1ce"
  integrity sha512-lxgJkNyz2+zb3bj4cBLS2MOvVr0Vfr5E0T+aco7+aqymslztQO/vZV7nK5tDMvMwqbnAdpB4rrGvKoxHi5TpaA==
  dependencies:
    lit-html "^1.0.0"

lit-html@^1.0.0:
  version "1.0.0"
  resolved "https://registry.yarnpkg.com/lit-html/-/lit-html-1.0.0.tgz#3dc3781a8ca68a9b5c2ff2a61e263662b9b2267b"
  integrity sha512-oeWlpLmBW3gFl7979Wol2LKITpmKTUFNn7PnFbh6YNynF61W74l6x5WhwItAwPRSATpexaX1egNnRzlN4GOtfQ==

navigo@^7.1.2:
  version "7.1.2"
  resolved "https://registry.yarnpkg.com/navigo/-/navigo-7.1.2.tgz#f543098ae5cbc5763b926742b5047ffb68a187e2"
  integrity sha512-OlhxHxhLM62X0Sjbkp5wlm1V6GpOIKShFu7dS/fDS3cVqzMHYS880LT5tu6JjGkrSYQbtCNDADmRIP47MoVGlA==
